
Microsoft Visual Studio Solution File, Format Version 12.00
# Visual Studio 15
VisualStudioVersion = 15.0.27703.2042
MinimumVisualStudioVersion = 10.0.40219.1
Project("{FAE04EC0-301F-11D3-BF4B-00C04F79EFBC}") = "ASPCoreWithAngular", "ASPCoreWithAngular\ASPCoreWithAngular.csproj", "{4055E768-DFC3-4EA2-A5F9-D1AB39B992E4}"
EndProject
Global
	GlobalSection(SolutionConfigurationPlatforms) = preSolution
		Debug|Any CPU = Debug|Any CPU
		Release|Any CPU = Release|Any CPU
	EndGlobalSection
	GlobalSection(ProjectConfigurationPlatforms) = postSolution
		{4055E768-DFC3-4EA2-A5F9-D1AB39B992E4}.Debug|Any CPU.ActiveCfg = Debug|Any CPU
		{4055E768-DFC3-4EA2-A5F9-D1AB39B992E4}.Debug|Any CPU.Build.0 = Debug|Any CPU
		{4055E768-DFC3-4EA2-A5F9-D1AB39B992E4}.Release|Any CPU.ActiveCfg = Release|Any CPU
		{4055E768-DFC3-4EA2-A5F9-D1AB39B992E4}.Release|Any CPU.Build.0 = Release|Any CPU
	EndGlobalSection
	GlobalSection(SolutionProperties) = preSolution
		HideSolutionNode = FALSE
	EndGlobalSection
	GlobalSection(ExtensibilityGlobals) = postSolution
		SolutionGuid = {40C5C50C-3881-4990-B473-8B8D25ADF5CE}
	EndGlobalSection
EndGlobal
